
Microsoft Visual Studio Solution File, Format Version 12.00
# Visual Studio Version 17
VisualStudioVersion = 17.5.33516.290
MinimumVisualStudioVersion = 10.0.40219.1
Project("{FAE04EC0-301F-11D3-BF4B-00C04F79EFBC}") = "WebAPI", "WebAPI\WebAPI.csproj", "{C0871710-52BC-431B-8024-63113B8D4720}"
EndProject
Project("{FAE04EC0-301F-11D3-BF4B-00C04F79EFBC}") = "WebAPI.Data", "WebAPI.Data\WebAPI.Data.csproj", "{0F6568AB-230A-48DF-8BA2-41C952B8B49B}"
EndProject
Project("{FAE04EC0-301F-11D3-BF4B-00C04F79EFBC}") = "WebAPI.Services", "WebAPI.Services\WebAPI.Services.csproj", "{D085F921-6409-479C-882B-5AF766B61A3D}"
EndProject
Global
	GlobalSection(SolutionConfigurationPlatforms) = preSolution
		Debug|Any CPU = Debug|Any CPU
		Release|Any CPU = Release|Any CPU
	EndGlobalSection
	GlobalSection(ProjectConfigurationPlatforms) = postSolution
		{C0871710-52BC-431B-8024-63113B8D4720}.Debug|Any CPU.ActiveCfg = Debug|Any CPU
		{C0871710-52BC-431B-8024-63113B8D4720}.Debug|Any CPU.Build.0 = Debug|Any CPU
		{C0871710-52BC-431B-8024-63113B8D4720}.Release|Any CPU.ActiveCfg = Release|Any CPU
		{C0871710-52BC-431B-8024-63113B8D4720}.Release|Any CPU.Build.0 = Release|Any CPU
		{0F6568AB-230A-48DF-8BA2-41C952B8B49B}.Debug|Any CPU.ActiveCfg = Debug|Any CPU
		{0F6568AB-230A-48DF-8BA2-41C952B8B49B}.Debug|Any CPU.Build.0 = Debug|Any CPU
		{0F6568AB-230A-48DF-8BA2-41C952B8B49B}.Release|Any CPU.ActiveCfg = Release|Any CPU
		{0F6568AB-230A-48DF-8BA2-41C952B8B49B}.Release|Any CPU.Build.0 = Release|Any CPU
		{D085F921-6409-479C-882B-5AF766B61A3D}.Debug|Any CPU.ActiveCfg = Debug|Any CPU
		{D085F921-6409-479C-882B-5AF766B61A3D}.Debug|Any CPU.Build.0 = Debug|Any CPU
		{D085F921-6409-479C-882B-5AF766B61A3D}.Release|Any CPU.ActiveCfg = Release|Any CPU
		{D085F921-6409-479C-882B-5AF766B61A3D}.Release|Any CPU.Build.0 = Release|Any CPU
	EndGlobalSection
	GlobalSection(SolutionProperties) = preSolution
		HideSolutionNode = FALSE
	EndGlobalSection
	GlobalSection(ExtensibilityGlobals) = postSolution
		SolutionGuid = {32234EA5-4767-4254-A5F8-2AE041DDAF73}
	EndGlobalSection
EndGlobal
